
Microsoft Visual Studio Solution File, Format Version 12.00
# Visual Studio 2010
Project("{FAE04EC0-301F-11D3-BF4B-00C04F79EFBC}") = "The Elite Patcher", "The Elite Patcher\The Elite Patcher.csproj", "{36EFB7B4-27C8-42A9-B7EC-2A57C57E9F2E}"
EndProject
Project("{FAE04EC0-301F-11D3-BF4B-00C04F79EFBC}") = "updater", "updater\updater.csproj", "{CF0A422D-F62D-4DC0-96BE-9211341CE0CD}"
EndProject
Project("{FAE04EC0-301F-11D3-BF4B-00C04F79EFBC}") = "InstallerV3", "InstallerV3\InstallerV3.csproj", "{73FCB6B9-A361-4B17-AC4E-87AD6B80804F}"
EndProject
Project("{FAE04EC0-301F-11D3-BF4B-00C04F79EFBC}") = "The Elite Patch Proxy Tools", "The Elite Patch Proxy Tools\The Elite Patch Proxy Tools.csproj", "{3AE07A0E-9672-4431-845A-0FC87EAA50FB}"
EndProject
Project("{FAE04EC0-301F-11D3-BF4B-00C04F79EFBC}") = "Nicoding Development Library", "Nicoding Development Library\Nicoding Development Library.csproj", "{512C5EB7-E58C-4572-844C-B51F26BF90FB}"
EndProject
Project("{FAE04EC0-301F-11D3-BF4B-00C04F79EFBC}") = "Facebook-Net40", "Facebook SDK\Source\Facebook\Facebook-Net40.csproj", "{857E540C-0092-4590-A279-F98A6B77AC0A}"
EndProject
Global
	GlobalSection(SolutionConfigurationPlatforms) = preSolution
		Debug|Any CPU = Debug|Any CPU
		Debug|Mixed Platforms = Debug|Mixed Platforms
		Debug|x86 = Debug|x86
		Release|Any CPU = Release|Any CPU
		Release|Mixed Platforms = Release|Mixed Platforms
		Release|x86 = Release|x86
	EndGlobalSection
	GlobalSection(ProjectConfigurationPlatforms) = postSolution
		{36EFB7B4-27C8-42A9-B7EC-2A57C57E9F2E}.Debug|Any CPU.ActiveCfg = Release|x86
		{36EFB7B4-27C8-42A9-B7EC-2A57C57E9F2E}.Debug|Any CPU.Build.0 = Release|x86
		{36EFB7B4-27C8-42A9-B7EC-2A57C57E9F2E}.Debug|Mixed Platforms.ActiveCfg = Debug|x86
		{36EFB7B4-27C8-42A9-B7EC-2A57C57E9F2E}.Debug|Mixed Platforms.Build.0 = Debug|x86
		{36EFB7B4-27C8-42A9-B7EC-2A57C57E9F2E}.Debug|x86.ActiveCfg = Debug|x86
		{36EFB7B4-27C8-42A9-B7EC-2A57C57E9F2E}.Debug|x86.Build.0 = Debug|x86
		{36EFB7B4-27C8-42A9-B7EC-2A57C57E9F2E}.Release|Any CPU.ActiveCfg = Release|x86
		{36EFB7B4-27C8-42A9-B7EC-2A57C57E9F2E}.Release|Mixed Platforms.ActiveCfg = Release|x86
		{36EFB7B4-27C8-42A9-B7EC-2A57C57E9F2E}.Release|Mixed Platforms.Build.0 = Release|x86
		{36EFB7B4-27C8-42A9-B7EC-2A57C57E9F2E}.Release|x86.ActiveCfg = Release|x86
		{36EFB7B4-27C8-42A9-B7EC-2A57C57E9F2E}.Release|x86.Build.0 = Release|x86
		{CF0A422D-F62D-4DC0-96BE-9211341CE0CD}.Debug|Any CPU.ActiveCfg = Release|x86
		{CF0A422D-F62D-4DC0-96BE-9211341CE0CD}.Debug|Any CPU.Build.0 = Release|x86
		{CF0A422D-F62D-4DC0-96BE-9211341CE0CD}.Debug|Mixed Platforms.ActiveCfg = Debug|x86
		{CF0A422D-F62D-4DC0-96BE-9211341CE0CD}.Debug|Mixed Platforms.Build.0 = Debug|x86
		{CF0A422D-F62D-4DC0-96BE-9211341CE0CD}.Debug|x86.ActiveCfg = Debug|x86
		{CF0A422D-F62D-4DC0-96BE-9211341CE0CD}.Debug|x86.Build.0 = Debug|x86
		{CF0A422D-F62D-4DC0-96BE-9211341CE0CD}.Release|Any CPU.ActiveCfg = Release|x86
		{CF0A422D-F62D-4DC0-96BE-9211341CE0CD}.Release|Mixed Platforms.ActiveCfg = Release|x86
		{CF0A422D-F62D-4DC0-96BE-9211341CE0CD}.Release|Mixed Platforms.Build.0 = Release|x86
		{CF0A422D-F62D-4DC0-96BE-9211341CE0CD}.Release|x86.ActiveCfg = Release|x86
		{CF0A422D-F62D-4DC0-96BE-9211341CE0CD}.Release|x86.Build.0 = Release|x86
		{73FCB6B9-A361-4B17-AC4E-87AD6B80804F}.Debug|Any CPU.ActiveCfg = Release|x86
		{73FCB6B9-A361-4B17-AC4E-87AD6B80804F}.Debug|Any CPU.Build.0 = Release|x86
		{73FCB6B9-A361-4B17-AC4E-87AD6B80804F}.Debug|Mixed Platforms.ActiveCfg = Debug|x86
		{73FCB6B9-A361-4B17-AC4E-87AD6B80804F}.Debug|Mixed Platforms.Build.0 = Debug|x86
		{73FCB6B9-A361-4B17-AC4E-87AD6B80804F}.Debug|x86.ActiveCfg = Debug|x86
		{73FCB6B9-A361-4B17-AC4E-87AD6B80804F}.Debug|x86.Build.0 = Debug|x86
		{73FCB6B9-A361-4B17-AC4E-87AD6B80804F}.Release|Any CPU.ActiveCfg = Release|x86
		{73FCB6B9-A361-4B17-AC4E-87AD6B80804F}.Release|Mixed Platforms.ActiveCfg = Release|x86
		{73FCB6B9-A361-4B17-AC4E-87AD6B80804F}.Release|Mixed Platforms.Build.0 = Release|x86
		{73FCB6B9-A361-4B17-AC4E-87AD6B80804F}.Release|x86.ActiveCfg = Release|x86
		{73FCB6B9-A361-4B17-AC4E-87AD6B80804F}.Release|x86.Build.0 = Release|x86
		{3AE07A0E-9672-4431-845A-0FC87EAA50FB}.Debug|Any CPU.ActiveCfg = Debug|x86
		{3AE07A0E-9672-4431-845A-0FC87EAA50FB}.Debug|Mixed Platforms.ActiveCfg = Debug|x86
		{3AE07A0E-9672-4431-845A-0FC87EAA50FB}.Debug|Mixed Platforms.Build.0 = Debug|x86
		{3AE07A0E-9672-4431-845A-0FC87EAA50FB}.Debug|x86.ActiveCfg = Debug|x86
		{3AE07A0E-9672-4431-845A-0FC87EAA50FB}.Debug|x86.Build.0 = Debug|x86
		{3AE07A0E-9672-4431-845A-0FC87EAA50FB}.Release|Any CPU.ActiveCfg = Release|x86
		{3AE07A0E-9672-4431-845A-0FC87EAA50FB}.Release|Mixed Platforms.ActiveCfg = Release|x86
		{3AE07A0E-9672-4431-845A-0FC87EAA50FB}.Release|Mixed Platforms.Build.0 = Release|x86
		{3AE07A0E-9672-4431-845A-0FC87EAA50FB}.Release|x86.ActiveCfg = Release|x86
		{3AE07A0E-9672-4431-845A-0FC87EAA50FB}.Release|x86.Build.0 = Release|x86
		{512C5EB7-E58C-4572-844C-B51F26BF90FB}.Debug|Any CPU.ActiveCfg = Debug|Any CPU
		{512C5EB7-E58C-4572-844C-B51F26BF90FB}.Debug|Any CPU.Build.0 = Debug|Any CPU
		{512C5EB7-E58C-4572-844C-B51F26BF90FB}.Debug|Mixed Platforms.ActiveCfg = Debug|Any CPU
		{512C5EB7-E58C-4572-844C-B51F26BF90FB}.Debug|Mixed Platforms.Build.0 = Debug|Any CPU
		{512C5EB7-E58C-4572-844C-B51F26BF90FB}.Debug|x86.ActiveCfg = Debug|Any CPU
		{512C5EB7-E58C-4572-844C-B51F26BF90FB}.Release|Any CPU.ActiveCfg = Release|Any CPU
		{512C5EB7-E58C-4572-844C-B51F26BF90FB}.Release|Any CPU.Build.0 = Release|Any CPU
		{512C5EB7-E58C-4572-844C-B51F26BF90FB}.Release|Mixed Platforms.ActiveCfg = Release|Any CPU
		{512C5EB7-E58C-4572-844C-B51F26BF90FB}.Release|Mixed Platforms.Build.0 = Release|Any CPU
		{512C5EB7-E58C-4572-844C-B51F26BF90FB}.Release|x86.ActiveCfg = Release|Any CPU
		{857E540C-0092-4590-A279-F98A6B77AC0A}.Debug|Any CPU.ActiveCfg = Debug|Any CPU
		{857E540C-0092-4590-A279-F98A6B77AC0A}.Debug|Any CPU.Build.0 = Debug|Any CPU
		{857E540C-0092-4590-A279-F98A6B77AC0A}.Debug|Mixed Platforms.ActiveCfg = Debug|Any CPU
		{857E540C-0092-4590-A279-F98A6B77AC0A}.Debug|Mixed Platforms.Build.0 = Debug|Any CPU
		{857E540C-0092-4590-A279-F98A6B77AC0A}.Debug|x86.ActiveCfg = Debug|Any CPU
		{857E540C-0092-4590-A279-F98A6B77AC0A}.Release|Any CPU.ActiveCfg = Release|Any CPU
		{857E540C-0092-4590-A279-F98A6B77AC0A}.Release|Any CPU.Build.0 = Release|Any CPU
		{857E540C-0092-4590-A279-F98A6B77AC0A}.Release|Mixed Platforms.ActiveCfg = Release|Any CPU
		{857E540C-0092-4590-A279-F98A6B77AC0A}.Release|Mixed Platforms.Build.0 = Release|Any CPU
		{857E540C-0092-4590-A279-F98A6B77AC0A}.Release|x86.ActiveCfg = Release|Any CPU
	EndGlobalSection
	GlobalSection(SolutionProperties) = preSolution
		HideSolutionNode = FALSE
	EndGlobalSection
EndGlobal
